
Microsoft Visual Studio Solution File, Format Version 12.00
Project("{FAE04EC0-301F-11D3-BF4B-00C04F79EFBC}") = "ConsoleApplication1", "ConsoleApplication1\ConsoleApplication1.csproj", "{D089E647-589D-4F4F-A796-37E2A8B35A7C}"
EndProject
Project("{FAE04EC0-301F-11D3-BF4B-00C04F79EFBC}") = "Calculator", "Calculator\Calculator.csproj", "{3FD6C8E0-8230-44CE-B872-A12BF5F5C8AF}"
EndProject
Project("{FAE04EC0-301F-11D3-BF4B-00C04F79EFBC}") = "TestCalculator", "TestCalculator\TestCalculator.csproj", "{DF2CDFDC-A72E-4707-8932-5064F488C6BF}"
EndProject
Global
	GlobalSection(SolutionConfigurationPlatforms) = preSolution
		Debug|Any CPU = Debug|Any CPU
		Release|Any CPU = Release|Any CPU
	EndGlobalSection
	GlobalSection(ProjectConfigurationPlatforms) = postSolution
		{D089E647-589D-4F4F-A796-37E2A8B35A7C}.Debug|Any CPU.ActiveCfg = Debug|Any CPU
		{D089E647-589D-4F4F-A796-37E2A8B35A7C}.Debug|Any CPU.Build.0 = Debug|Any CPU
		{D089E647-589D-4F4F-A796-37E2A8B35A7C}.Release|Any CPU.ActiveCfg = Release|Any CPU
		{D089E647-589D-4F4F-A796-37E2A8B35A7C}.Release|Any CPU.Build.0 = Release|Any CPU
		{3FD6C8E0-8230-44CE-B872-A12BF5F5C8AF}.Debug|Any CPU.ActiveCfg = Debug|Any CPU
		{3FD6C8E0-8230-44CE-B872-A12BF5F5C8AF}.Debug|Any CPU.Build.0 = Debug|Any CPU
		{3FD6C8E0-8230-44CE-B872-A12BF5F5C8AF}.Release|Any CPU.ActiveCfg = Release|Any CPU
		{3FD6C8E0-8230-44CE-B872-A12BF5F5C8AF}.Release|Any CPU.Build.0 = Release|Any CPU
		{DF2CDFDC-A72E-4707-8932-5064F488C6BF}.Debug|Any CPU.ActiveCfg = Debug|Any CPU
		{DF2CDFDC-A72E-4707-8932-5064F488C6BF}.Debug|Any CPU.Build.0 = Debug|Any CPU
		{DF2CDFDC-A72E-4707-8932-5064F488C6BF}.Release|Any CPU.ActiveCfg = Release|Any CPU
		{DF2CDFDC-A72E-4707-8932-5064F488C6BF}.Release|Any CPU.Build.0 = Release|Any CPU
	EndGlobalSection
EndGlobal
